<Solution>
  <Project Path="Archipelago/Archipelago.pyproj" Type="888888a0-9f3d-457c-b088-3a5042f75d52" Id="6eb220a9-214d-4f4b-9943-358d490bf7ea">
    <Build Project="false" />
  </Project>
  <Project Path="Outward/OutwardArchipelago.csproj" />
  <Project Path="SharedData/SharedData.pyproj" Type="888888a0-9f3d-457c-b088-3a5042f75d52" Id="a53e8a7a-8da2-46b0-ad6d-0a08ef0f364b">
    <Build Project="false" />
  </Project>
</Solution>
